// !$*UTF8*$!
{
	archiveVersion = 1;
	classes = {
	};
	objectVersion = 77;
	objects = {

/* Begin PBXContainerItemProxy section */
		F65CF4702E408408004CCC4D /* PBXContainerItemProxy */ = {
			isa = PBXContainerItemProxy;
			containerPortal = F65CF4592E408407004CCC4D /* Project object */;
			proxyType = 1;
			remoteGlobalIDString = F65CF4602E408407004CCC4D;
			remoteInfo = HanyuPinyinIME;
		};
		F65CF47A2E408408004CCC4D /* PBXContainerItemProxy */ = {
			isa = PBXContainerItemProxy;
			containerPortal = F65CF4592E408407004CCC4D /* Project object */;
			proxyType = 1;
			remoteGlobalIDString = F65CF4602E408407004CCC4D;
			remoteInfo = HanyuPinyinIME;
		};
/* End PBXContainerItemProxy section */

/* Begin PBXFileReference section */
		F65CF4612E408407004CCC4D /* RomanizedPinyinIME.app */ = {isa = PBXFileReference; explicitFileType = wrapper.application; includeInIndex = 0; name = RomanizedPinyinIME.app; path = HanyuPinyinIME.app; sourceTree = BUILT_PRODUCTS_DIR; };
		F65CF46F2E408408004CCC4D /* RomanizedPinyinIMETests.xctest */ = {isa = PBXFileReference; explicitFileType = wrapper.cfbundle; includeInIndex = 0; name = RomanizedPinyinIMETests.xctest; path = HanyuPinyinIMETests.xctest; sourceTree = BUILT_PRODUCTS_DIR; };
		F65CF4792E408408004CCC4D /* RomanizedPinyinIMEUITests.xctest */ = {isa = PBXFileReference; explicitFileType = wrapper.cfbundle; includeInIndex = 0; name = RomanizedPinyinIMEUITests.xctest; path = HanyuPinyinIMEUITests.xctest; sourceTree = BUILT_PRODUCTS_DIR; };
/* End PBXFileReference section */

/* Begin PBXFileSystemSynchronizedRootGroup section */
		F65CF4632E408407004CCC4D /* HanyuPinyinIME */ = {
			isa = PBXFileSystemSynchronizedRootGroup;
			path = HanyuPinyinIME;
			sourceTree = "<group>";
		};
		F65CF4722E408408004CCC4D /* HanyuPinyinIMETests */ = {
			isa = PBXFileSystemSynchronizedRootGroup;
			path = HanyuPinyinIMETests;
			sourceTree = "<group>";
		};
		F65CF47C2E408408004CCC4D /* HanyuPinyinIMEUITests */ = {
			isa = PBXFileSystemSynchronizedRootGroup;
			path = HanyuPinyinIMEUITests;
			sourceTree = "<group>";
		};
/* End PBXFileSystemSynchronizedRootGroup section */

/* Begin PBXFrameworksBuildPhase section */
		F65CF45E2E408407004CCC4D /* Frameworks */ = {
			isa = PBXFrameworksBuildPhase;
			buildActionMask = 2147483647;
			files = (
			);
			runOnlyForDeploymentPostprocessing = 0;
		};
		F65CF46C2E408408004CCC4D /* Frameworks */ = {
			isa = PBXFrameworksBuildPhase;
			buildActionMask = 2147483647;
			files = (
			);
			runOnlyForDeploymentPostprocessing = 0;
		};
		F65CF4762E408408004CCC4D /* Frameworks */ = {
			isa = PBXFrameworksBuildPhase;
			buildActionMask = 2147483647;
			files = (
			);
			runOnlyForDeploymentPostprocessing = 0;
		};
/* End PBXFrameworksBuildPhase section */

/* Begin PBXGroup section */
		F65CF4582E408407004CCC4D = {
			isa = PBXGroup;
			children = (
				F65CF4632E408407004CCC4D /* HanyuPinyinIME */,
				F65CF4722E408408004CCC4D /* HanyuPinyinIMETests */,
				F65CF47C2E408408004CCC4D /* HanyuPinyinIMEUITests */,
				F65CF4622E408407004CCC4D /* Products */,
			);
			sourceTree = "<group>";
		};
		F65CF4622E408407004CCC4D /* Products */ = {
			isa = PBXGroup;
			children = (
				F65CF4612E408407004CCC4D /* RomanizedPinyinIME.app */,
				F65CF46F2E408408004CCC4D /* RomanizedPinyinIMETests.xctest */,
				F65CF4792E408408004CCC4D /* RomanizedPinyinIMEUITests.xctest */,
			);
			name = Products;
			sourceTree = "<group>";
		};
/* End PBXGroup section */

/* Begin PBXNativeTarget section */
		F65CF4602E408407004CCC4D /* HanyuPinyinIME */ = {
			isa = PBXNativeTarget;
			buildConfigurationList = F65CF4832E408408004CCC4D /* Build configuration list for PBXNativeTarget "HanyuPinyinIME" */;
			buildPhases = (
				F65CF45D2E408407004CCC4D /* Sources */,
				F65CF45E2E408407004CCC4D /* Frameworks */,
				F65CF45F2E408407004CCC4D /* Resources */,
			);
			buildRules = (
			);
			dependencies = (
			);
			fileSystemSynchronizedGroups = (
				F65CF4632E408407004CCC4D /* HanyuPinyinIME */,
			);
			name = HanyuPinyinIME;
			packageProductDependencies = (
			);
			productName = HanyuPinyinIME;
			productReference = F65CF4612E408407004CCC4D /* RomanizedPinyinIME.app */;
			productType = "com.apple.product-type.application";
		};
		F65CF46E2E408408004CCC4D /* HanyuPinyinIMETests */ = {
			isa = PBXNativeTarget;
			buildConfigurationList = F65CF4862E408408004CCC4D /* Build configuration list for PBXNativeTarget "HanyuPinyinIMETests" */;
			buildPhases = (
				F65CF46B2E408408004CCC4D /* Sources */,
				F65CF46C2E408408004CCC4D /* Frameworks */,
				F65CF46D2E408408004CCC4D /* Resources */,
			);
			buildRules = (
			);
			dependencies = (
				F65CF4712E408408004CCC4D /* PBXTargetDependency */,
			);
			fileSystemSynchronizedGroups = (
				F65CF4722E408408004CCC4D /* HanyuPinyinIMETests */,
			);
			name = HanyuPinyinIMETests;
			packageProductDependencies = (
			);
			productName = HanyuPinyinIMETests;
			productReference = F65CF46F2E408408004CCC4D /* RomanizedPinyinIMETests.xctest */;
			productType = "com.apple.product-type.bundle.unit-test";
		};
		F65CF4782E408408004CCC4D /* HanyuPinyinIMEUITests */ = {
			isa = PBXNativeTarget;
			buildConfigurationList = F65CF4892E408408004CCC4D /* Build configuration list for PBXNativeTarget "HanyuPinyinIMEUITests" */;
			buildPhases = (
				F65CF4752E408408004CCC4D /* Sources */,
				F65CF4762E408408004CCC4D /* Frameworks */,
				F65CF4772E408408004CCC4D /* Resources */,
			);
			buildRules = (
			);
			dependencies = (
				F65CF47B2E408408004CCC4D /* PBXTargetDependency */,
			);
			fileSystemSynchronizedGroups = (
				F65CF47C2E408408004CCC4D /* HanyuPinyinIMEUITests */,
			);
			name = HanyuPinyinIMEUITests;
			packageProductDependencies = (
			);
			productName = HanyuPinyinIMEUITests;
			productReference = F65CF4792E408408004CCC4D /* RomanizedPinyinIMEUITests.xctest */;
			productType = "com.apple.product-type.bundle.ui-testing";
		};
/* End PBXNativeTarget section */

/* Begin PBXProject section */
		F65CF4592E408407004CCC4D /* Project object */ = {
			isa = PBXProject;
			attributes = {
				BuildIndependentTargetsInParallel = 1;
				LastSwiftUpdateCheck = 1640;
				LastUpgradeCheck = 1640;
				TargetAttributes = {
					F65CF4602E408407004CCC4D = {
						CreatedOnToolsVersion = 16.4;
					};
					F65CF46E2E408408004CCC4D = {
						CreatedOnToolsVersion = 16.4;
						TestTargetID = F65CF4602E408407004CCC4D;
					};
					F65CF4782E408408004CCC4D = {
						CreatedOnToolsVersion = 16.4;
						TestTargetID = F65CF4602E408407004CCC4D;
					};
				};
			};
			buildConfigurationList = F65CF45C2E408407004CCC4D /* Build configuration list for PBXProject "HanyuPinyinIME" */;
			developmentRegion = en;
			hasScannedForEncodings = 0;
			knownRegions = (
				en,
				Base,
			);
			mainGroup = F65CF4582E408407004CCC4D;
			minimizedProjectReferenceProxies = 1;
			preferredProjectObjectVersion = 77;
			productRefGroup = F65CF4622E408407004CCC4D /* Products */;
			projectDirPath = "";
			projectRoot = "";
			targets = (
				F65CF4602E408407004CCC4D /* HanyuPinyinIME */,
				F65CF46E2E408408004CCC4D /* HanyuPinyinIMETests */,
				F65CF4782E408408004CCC4D /* HanyuPinyinIMEUITests */,
			);
		};
/* End PBXProject section */

/* Begin PBXResourcesBuildPhase section */
		F65CF45F2E408407004CCC4D /* Resources */ = {
			isa = PBXResourcesBuildPhase;
			buildActionMask = 2147483647;
			files = (
			);
			runOnlyForDeploymentPostprocessing = 0;
		};
		F65CF46D2E408408004CCC4D /* Resources */ = {
			isa = PBXResourcesBuildPhase;
			buildActionMask = 2147483647;
			files = (
			);
			runOnlyForDeploymentPostprocessing = 0;
		};
		F65CF4772E408408004CCC4D /* Resources */ = {
			isa = PBXResourcesBuildPhase;
			buildActionMask = 2147483647;
			files = (
			);
			runOnlyForDeploymentPostprocessing = 0;
		};
/* End PBXResourcesBuildPhase section */

/* Begin PBXSourcesBuildPhase section */
		F65CF45D2E408407004CCC4D /* Sources */ = {
			isa = PBXSourcesBuildPhase;
			buildActionMask = 2147483647;
			files = (
			);
			runOnlyForDeploymentPostprocessing = 0;
		};
		F65CF46B2E408408004CCC4D /* Sources */ = {
			isa = PBXSourcesBuildPhase;
			buildActionMask = 2147483647;
			files = (
			);
			runOnlyForDeploymentPostprocessing = 0;
		};
		F65CF4752E408408004CCC4D /* Sources */ = {
			isa = PBXSourcesBuildPhase;
			buildActionMask = 2147483647;
			files = (
			);
			runOnlyForDeploymentPostprocessing = 0;
		};
/* End PBXSourcesBuildPhase section */

/* Begin PBXTargetDependency section */
		F65CF4712E408408004CCC4D /* PBXTargetDependency */ = {
			isa = PBXTargetDependency;
			target = F65CF4602E408407004CCC4D /* HanyuPinyinIME */;
			targetProxy = F65CF4702E408408004CCC4D /* PBXContainerItemProxy */;
		};
		F65CF47B2E408408004CCC4D /* PBXTargetDependency */ = {
			isa = PBXTargetDependency;
			target = F65CF4602E408407004CCC4D /* HanyuPinyinIME */;
			targetProxy = F65CF47A2E408408004CCC4D /* PBXContainerItemProxy */;
		};
/* End PBXTargetDependency section */

/* Begin XCBuildConfiguration section */
		F65CF4812E408408004CCC4D /* Debug */ = {
			isa = XCBuildConfiguration;
			buildSettings = {
				ALWAYS_SEARCH_USER_PATHS = NO;
				ASSETCATALOG_COMPILER_GENERATE_SWIFT_ASSET_SYMBOL_EXTENSIONS = YES;
				CLANG_ANALYZER_NONNULL = YES;
				CLANG_ANALYZER_NUMBER_OBJECT_CONVERSION = YES_AGGRESSIVE;
				CLANG_CXX_LANGUAGE_STANDARD = "gnu++20";
				CLANG_ENABLE_MODULES = YES;
				CLANG_ENABLE_OBJC_ARC = YES;
				CLANG_ENABLE_OBJC_WEAK = YES;
				CLANG_WARN_BLOCK_CAPTURE_AUTORELEASING = YES;
				CLANG_WARN_BOOL_CONVERSION = YES;
				CLANG_WARN_COMMA = YES;
				CLANG_WARN_CONSTANT_CONVERSION = YES;
				CLANG_WARN_DEPRECATED_OBJC_IMPLEMENTATIONS = YES;
				CLANG_WARN_DIRECT_OBJC_ISA_USAGE = YES_ERROR;
				CLANG_WARN_DOCUMENTATION_COMMENTS = YES;
				CLANG_WARN_EMPTY_BODY = YES;
				CLANG_WARN_ENUM_CONVERSION = YES;
				CLANG_WARN_INFINITE_RECURSION = YES;
				CLANG_WARN_INT_CONVERSION = YES;
				CLANG_WARN_NON_LITERAL_NULL_CONVERSION = YES;
				CLANG_WARN_OBJC_IMPLICIT_RETAIN_SELF = YES;
				CLANG_WARN_OBJC_LITERAL_CONVERSION = YES;
				CLANG_WARN_OBJC_ROOT_CLASS = YES_ERROR;
				CLANG_WARN_QUOTED_INCLUDE_IN_FRAMEWORK_HEADER = YES;
				CLANG_WARN_RANGE_LOOP_ANALYSIS = YES;
				CLANG_WARN_STRICT_PROTOTYPES = YES;
				CLANG_WARN_SUSPICIOUS_MOVE = YES;
				CLANG_WARN_UNGUARDED_AVAILABILITY = YES_AGGRESSIVE;
				CLANG_WARN_UNREACHABLE_CODE = YES;
				CLANG_WARN__DUPLICATE_METHOD_MATCH = YES;
				COPY_PHASE_STRIP = NO;
				DEBUG_INFORMATION_FORMAT = dwarf;
				DEVELOPMENT_TEAM = 5TNT8536GR;
				ENABLE_STRICT_OBJC_MSGSEND = YES;
				ENABLE_TESTABILITY = YES;
				ENABLE_USER_SCRIPT_SANDBOXING = YES;
				GCC_C_LANGUAGE_STANDARD = gnu17;
				GCC_DYNAMIC_NO_PIC = NO;
				GCC_NO_COMMON_BLOCKS = YES;
				GCC_OPTIMIZATION_LEVEL = 0;
				GCC_PREPROCESSOR_DEFINITIONS = (
					"DEBUG=1",
					"$(inherited)",
				);
				GCC_WARN_64_TO_32_BIT_CONVERSION = YES;
				GCC_WARN_ABOUT_RETURN_TYPE = YES_ERROR;
				GCC_WARN_UNDECLARED_SELECTOR = YES;
				GCC_WARN_UNINITIALIZED_AUTOS = YES_AGGRESSIVE;
				GCC_WARN_UNUSED_FUNCTION = YES;
				GCC_WARN_UNUSED_VARIABLE = YES;
				LOCALIZATION_PREFERS_STRING_CATALOGS = YES;
				MACOSX_DEPLOYMENT_TARGET = 15.5;
				MTL_ENABLE_DEBUG_INFO = INCLUDE_SOURCE;
				MTL_FAST_MATH = YES;
				ONLY_ACTIVE_ARCH = YES;
				SDKROOT = macosx;
				SWIFT_ACTIVE_COMPILATION_CONDITIONS = "DEBUG $(inherited)";
				SWIFT_OPTIMIZATION_LEVEL = "-Onone";
			};
			name = Debug;
		};
		F65CF4822E408408004CCC4D /* Release */ = {
			isa = XCBuildConfiguration;
			buildSettings = {
				ALWAYS_SEARCH_USER_PATHS = NO;
				ASSETCATALOG_COMPILER_GENERATE_SWIFT_ASSET_SYMBOL_EXTENSIONS = YES;
				CLANG_ANALYZER_NONNULL = YES;
				CLANG_ANALYZER_NUMBER_OBJECT_CONVERSION = YES_AGGRESSIVE;
				CLANG_CXX_LANGUAGE_STANDARD = "gnu++20";
				CLANG_ENABLE_MODULES = YES;
				CLANG_ENABLE_OBJC_ARC = YES;
				CLANG_ENABLE_OBJC_WEAK = YES;
				CLANG_WARN_BLOCK_CAPTURE_AUTORELEASING = YES;
				CLANG_WARN_BOOL_CONVERSION = YES;
				CLANG_WARN_COMMA = YES;
				CLANG_WARN_CONSTANT_CONVERSION = YES;
				CLANG_WARN_DEPRECATED_OBJC_IMPLEMENTATIONS = YES;
				CLANG_WARN_DIRECT_OBJC_ISA_USAGE = YES_ERROR;
				CLANG_WARN_DOCUMENTATION_COMMENTS = YES;
				CLANG_WARN_EMPTY_BODY = YES;
				CLANG_WARN_ENUM_CONVERSION = YES;
				CLANG_WARN_INFINITE_RECURSION = YES;
				CLANG_WARN_INT_CONVERSION = YES;
				CLANG_WARN_NON_LITERAL_NULL_CONVERSION = YES;
				CLANG_WARN_OBJC_IMPLICIT_RETAIN_SELF = YES;
				CLANG_WARN_OBJC_LITERAL_CONVERSION = YES;
				CLANG_WARN_OBJC_ROOT_CLASS = YES_ERROR;
				CLANG_WARN_QUOTED_INCLUDE_IN_FRAMEWORK_HEADER = YES;
				CLANG_WARN_RANGE_LOOP_ANALYSIS = YES;
				CLANG_WARN_STRICT_PROTOTYPES = YES;
				CLANG_WARN_SUSPICIOUS_MOVE = YES;
				CLANG_WARN_UNGUARDED_AVAILABILITY = YES_AGGRESSIVE;
				CLANG_WARN_UNREACHABLE_CODE = YES;
				CLANG_WARN__DUPLICATE_METHOD_MATCH = YES;
				COPY_PHASE_STRIP = NO;
				DEBUG_INFORMATION_FORMAT = "dwarf-with-dsym";
				DEVELOPMENT_TEAM = 5TNT8536GR;
				ENABLE_NS_ASSERTIONS = NO;
				ENABLE_STRICT_OBJC_MSGSEND = YES;
				ENABLE_USER_SCRIPT_SANDBOXING = YES;
				GCC_C_LANGUAGE_STANDARD = gnu17;
				GCC_NO_COMMON_BLOCKS = YES;
				GCC_WARN_64_TO_32_BIT_CONVERSION = YES;
				GCC_WARN_ABOUT_RETURN_TYPE = YES_ERROR;
				GCC_WARN_UNDECLARED_SELECTOR = YES;
				GCC_WARN_UNINITIALIZED_AUTOS = YES_AGGRESSIVE;
				GCC_WARN_UNUSED_FUNCTION = YES;
				GCC_WARN_UNUSED_VARIABLE = YES;
				LOCALIZATION_PREFERS_STRING_CATALOGS = YES;
				MACOSX_DEPLOYMENT_TARGET = 15.5;
				MTL_ENABLE_DEBUG_INFO = NO;
				MTL_FAST_MATH = YES;
				SDKROOT = macosx;
				SWIFT_COMPILATION_MODE = wholemodule;
			};
			name = Release;
		};
		F65CF4842E408408004CCC4D /* Debug */ = {
			isa = XCBuildConfiguration;
			buildSettings = {
				ASSETCATALOG_COMPILER_APPICON_NAME = AppIcon;
				ASSETCATALOG_COMPILER_GLOBAL_ACCENT_COLOR_NAME = AccentColor;
				CODE_SIGN_ENTITLEMENTS = HanyuPinyinIME/RomanizedPinyinIME.entitlements;
				CODE_SIGN_STYLE = Automatic;
				COMBINE_HIDPI_IMAGES = YES;
				CURRENT_PROJECT_VERSION = 1;
				DEVELOPMENT_TEAM = 5TNT8536GR;
				ENABLE_HARDENED_RUNTIME = YES;
				ENABLE_PREVIEWS = YES;
				GENERATE_INFOPLIST_FILE = YES;
				INFOPLIST_KEY_NSHumanReadableCopyright = "";
				LD_RUNPATH_SEARCH_PATHS = (
					"$(inherited)",
					"@executable_path/../Frameworks",
				);
				MARKETING_VERSION = 1.0;
				PRODUCT_BUNDLE_IDENTIFIER = com.github.gormanity.HanyuPinyinIME;
				PRODUCT_NAME = "$(TARGET_NAME)";
				REGISTER_APP_GROUPS = YES;
				SWIFT_EMIT_LOC_STRINGS = YES;
				SWIFT_VERSION = 5.0;
			};
			name = Debug;
		};
		F65CF4852E408408004CCC4D /* Release */ = {
			isa = XCBuildConfiguration;
			buildSettings = {
				ASSETCATALOG_COMPILER_APPICON_NAME = AppIcon;
				ASSETCATALOG_COMPILER_GLOBAL_ACCENT_COLOR_NAME = AccentColor;
				CODE_SIGN_ENTITLEMENTS = HanyuPinyinIME/RomanizedPinyinIME.entitlements;
				CODE_SIGN_STYLE = Automatic;
				COMBINE_HIDPI_IMAGES = YES;
				CURRENT_PROJECT_VERSION = 1;
				DEVELOPMENT_TEAM = 5TNT8536GR;
				ENABLE_HARDENED_RUNTIME = YES;
				ENABLE_PREVIEWS = YES;
				GENERATE_INFOPLIST_FILE = YES;
				INFOPLIST_KEY_NSHumanReadableCopyright = "";
				LD_RUNPATH_SEARCH_PATHS = (
					"$(inherited)",
					"@executable_path/../Frameworks",
				);
				MARKETING_VERSION = 1.0;
				PRODUCT_BUNDLE_IDENTIFIER = com.github.gormanity.HanyuPinyinIME;
				PRODUCT_NAME = "$(TARGET_NAME)";
				REGISTER_APP_GROUPS = YES;
				SWIFT_EMIT_LOC_STRINGS = YES;
				SWIFT_VERSION = 5.0;
			};
			name = Release;
		};
		F65CF4872E408408004CCC4D /* Debug */ = {
			isa = XCBuildConfiguration;
			buildSettings = {
				BUNDLE_LOADER = "$(TEST_HOST)";
				CODE_SIGN_STYLE = Automatic;
				CURRENT_PROJECT_VERSION = 1;
				DEVELOPMENT_TEAM = 5TNT8536GR;
				GENERATE_INFOPLIST_FILE = YES;
				MACOSX_DEPLOYMENT_TARGET = 15.5;
				MARKETING_VERSION = 1.0;
				PRODUCT_BUNDLE_IDENTIFIER = com.github.gormanity.HanyuPinyinIMETests;
				PRODUCT_NAME = "$(TARGET_NAME)";
				SWIFT_EMIT_LOC_STRINGS = NO;
				SWIFT_VERSION = 5.0;
				TEST_HOST = "$(BUILT_PRODUCTS_DIR)/HanyuPinyinIME.app/$(BUNDLE_EXECUTABLE_FOLDER_PATH)/RomanizedPinyinIME";
			};
			name = Debug;
		};
		F65CF4882E408408004CCC4D /* Release */ = {
			isa = XCBuildConfiguration;
			buildSettings = {
				BUNDLE_LOADER = "$(TEST_HOST)";
				CODE_SIGN_STYLE = Automatic;
				CURRENT_PROJECT_VERSION = 1;
				DEVELOPMENT_TEAM = 5TNT8536GR;
				GENERATE_INFOPLIST_FILE = YES;
				MACOSX_DEPLOYMENT_TARGET = 15.5;
				MARKETING_VERSION = 1.0;
				PRODUCT_BUNDLE_IDENTIFIER = com.github.gormanity.HanyuPinyinIMETests;
				PRODUCT_NAME = "$(TARGET_NAME)";
				SWIFT_EMIT_LOC_STRINGS = NO;
				SWIFT_VERSION = 5.0;
				TEST_HOST = "$(BUILT_PRODUCTS_DIR)/HanyuPinyinIME.app/$(BUNDLE_EXECUTABLE_FOLDER_PATH)/RomanizedPinyinIME";
			};
			name = Release;
		};
		F65CF48A2E408408004CCC4D /* Debug */ = {
			isa = XCBuildConfiguration;
			buildSettings = {
				CODE_SIGN_STYLE = Automatic;
				CURRENT_PROJECT_VERSION = 1;
				DEVELOPMENT_TEAM = 5TNT8536GR;
				GENERATE_INFOPLIST_FILE = YES;
				MARKETING_VERSION = 1.0;
				PRODUCT_BUNDLE_IDENTIFIER = com.github.gormanity.HanyuPinyinIMEUITests;
				PRODUCT_NAME = "$(TARGET_NAME)";
				SWIFT_EMIT_LOC_STRINGS = NO;
				SWIFT_VERSION = 5.0;
				TEST_TARGET_NAME = HanyuPinyinIME;
			};
			name = Debug;
		};
		F65CF48B2E408408004CCC4D /* Release */ = {
			isa = XCBuildConfiguration;
			buildSettings = {
				CODE_SIGN_STYLE = Automatic;
				CURRENT_PROJECT_VERSION = 1;
				DEVELOPMENT_TEAM = 5TNT8536GR;
				GENERATE_INFOPLIST_FILE = YES;
				MARKETING_VERSION = 1.0;
				PRODUCT_BUNDLE_IDENTIFIER = com.github.gormanity.HanyuPinyinIMEUITests;
				PRODUCT_NAME = "$(TARGET_NAME)";
				SWIFT_EMIT_LOC_STRINGS = NO;
				SWIFT_VERSION = 5.0;
				TEST_TARGET_NAME = HanyuPinyinIME;
			};
			name = Release;
		};
/* End XCBuildConfiguration section */

/* Begin XCConfigurationList section */
		F65CF45C2E408407004CCC4D /* Build configuration list for PBXProject "HanyuPinyinIME" */ = {
			isa = XCConfigurationList;
			buildConfigurations = (
				F65CF4812E408408004CCC4D /* Debug */,
				F65CF4822E408408004CCC4D /* Release */,
			);
			defaultConfigurationIsVisible = 0;
			defaultConfigurationName = Release;
		};
		F65CF4832E408408004CCC4D /* Build configuration list for PBXNativeTarget "HanyuPinyinIME" */ = {
			isa = XCConfigurationList;
			buildConfigurations = (
				F65CF4842E408408004CCC4D /* Debug */,
				F65CF4852E408408004CCC4D /* Release */,
			);
			defaultConfigurationIsVisible = 0;
			defaultConfigurationName = Release;
		};
		F65CF4862E408408004CCC4D /* Build configuration list for PBXNativeTarget "HanyuPinyinIMETests" */ = {
			isa = XCConfigurationList;
			buildConfigurations = (
				F65CF4872E408408004CCC4D /* Debug */,
				F65CF4882E408408004CCC4D /* Release */,
			);
			defaultConfigurationIsVisible = 0;
			defaultConfigurationName = Release;
		};
		F65CF4892E408408004CCC4D /* Build configuration list for PBXNativeTarget "HanyuPinyinIMEUITests" */ = {
			isa = XCConfigurationList;
			buildConfigurations = (
				F65CF48A2E408408004CCC4D /* Debug */,
				F65CF48B2E408408004CCC4D /* Release */,
			);
			defaultConfigurationIsVisible = 0;
			defaultConfigurationName = Release;
		};
/* End XCConfigurationList section */
	};
	rootObject = F65CF4592E408407004CCC4D /* Project object */;
}
